
Microsoft Visual Studio Solution File, Format Version 12.00
# Visual Studio Version 16
VisualStudioVersion = 16.0.31321.278
MinimumVisualStudioVersion = 10.0.40219.1
Project("{FAE04EC0-301F-11D3-BF4B-00C04F79EFBC}") = "MasterDetailApp.Android", "MasterDetailApp\MasterDetailApp.Android\MasterDetailApp.Android.csproj", "{D494C4D3-6C2E-48DB-A410-78E036AEDB03}"
EndProject
Project("{FAE04EC0-301F-11D3-BF4B-00C04F79EFBC}") = "MasterDetailApp.iOS", "MasterDetailApp\MasterDetailApp.iOS\MasterDetailApp.iOS.csproj", "{020E56BC-0D19-47A9-AA8D-E986277FE150}"
EndProject
Project("{FAE04EC0-301F-11D3-BF4B-00C04F79EFBC}") = "MasterDetailApp", "MasterDetailApp\MasterDetailApp\MasterDetailApp.csproj", "{FD9BEF5F-7A66-4CBA-BFB5-96264EE8CF59}"
EndProject
Global
	GlobalSection(SolutionConfigurationPlatforms) = preSolution
		Debug|Any CPU = Debug|Any CPU
		Debug|iPhone = Debug|iPhone
		Debug|iPhoneSimulator = Debug|iPhoneSimulator
		Release|Any CPU = Release|Any CPU
		Release|iPhone = Release|iPhone
		Release|iPhoneSimulator = Release|iPhoneSimulator
	EndGlobalSection
	GlobalSection(ProjectConfigurationPlatforms) = postSolution
		{D494C4D3-6C2E-48DB-A410-78E036AEDB03}.Debug|Any CPU.ActiveCfg = Debug|Any CPU
		{D494C4D3-6C2E-48DB-A410-78E036AEDB03}.Debug|Any CPU.Build.0 = Debug|Any CPU
		{D494C4D3-6C2E-48DB-A410-78E036AEDB03}.Debug|Any CPU.Deploy.0 = Debug|Any CPU
		{D494C4D3-6C2E-48DB-A410-78E036AEDB03}.Debug|iPhone.ActiveCfg = Debug|Any CPU
		{D494C4D3-6C2E-48DB-A410-78E036AEDB03}.Debug|iPhone.Build.0 = Debug|Any CPU
		{D494C4D3-6C2E-48DB-A410-78E036AEDB03}.Debug|iPhone.Deploy.0 = Debug|Any CPU
		{D494C4D3-6C2E-48DB-A410-78E036AEDB03}.Debug|iPhoneSimulator.ActiveCfg = Debug|Any CPU
		{D494C4D3-6C2E-48DB-A410-78E036AEDB03}.Debug|iPhoneSimulator.Build.0 = Debug|Any CPU
		{D494C4D3-6C2E-48DB-A410-78E036AEDB03}.Debug|iPhoneSimulator.Deploy.0 = Debug|Any CPU
		{D494C4D3-6C2E-48DB-A410-78E036AEDB03}.Release|Any CPU.ActiveCfg = Release|Any CPU
		{D494C4D3-6C2E-48DB-A410-78E036AEDB03}.Release|Any CPU.Build.0 = Release|Any CPU
		{D494C4D3-6C2E-48DB-A410-78E036AEDB03}.Release|Any CPU.Deploy.0 = Release|Any CPU
		{D494C4D3-6C2E-48DB-A410-78E036AEDB03}.Release|iPhone.ActiveCfg = Release|Any CPU
		{D494C4D3-6C2E-48DB-A410-78E036AEDB03}.Release|iPhone.Build.0 = Release|Any CPU
		{D494C4D3-6C2E-48DB-A410-78E036AEDB03}.Release|iPhone.Deploy.0 = Release|Any CPU
		{D494C4D3-6C2E-48DB-A410-78E036AEDB03}.Release|iPhoneSimulator.ActiveCfg = Release|Any CPU
		{D494C4D3-6C2E-48DB-A410-78E036AEDB03}.Release|iPhoneSimulator.Build.0 = Release|Any CPU
		{D494C4D3-6C2E-48DB-A410-78E036AEDB03}.Release|iPhoneSimulator.Deploy.0 = Release|Any CPU
		{020E56BC-0D19-47A9-AA8D-E986277FE150}.Debug|Any CPU.ActiveCfg = Debug|iPhone
		{020E56BC-0D19-47A9-AA8D-E986277FE150}.Debug|Any CPU.Build.0 = Debug|iPhone
		{020E56BC-0D19-47A9-AA8D-E986277FE150}.Debug|Any CPU.Deploy.0 = Debug|iPhone
		{020E56BC-0D19-47A9-AA8D-E986277FE150}.Debug|iPhone.ActiveCfg = Debug|iPhone
		{020E56BC-0D19-47A9-AA8D-E986277FE150}.Debug|iPhone.Build.0 = Debug|iPhone
		{020E56BC-0D19-47A9-AA8D-E986277FE150}.Debug|iPhone.Deploy.0 = Debug|iPhone
		{020E56BC-0D19-47A9-AA8D-E986277FE150}.Debug|iPhoneSimulator.ActiveCfg = Debug|iPhoneSimulator
		{020E56BC-0D19-47A9-AA8D-E986277FE150}.Debug|iPhoneSimulator.Build.0 = Debug|iPhoneSimulator
		{020E56BC-0D19-47A9-AA8D-E986277FE150}.Debug|iPhoneSimulator.Deploy.0 = Debug|iPhoneSimulator
		{020E56BC-0D19-47A9-AA8D-E986277FE150}.Release|Any CPU.ActiveCfg = Release|iPhoneSimulator
		{020E56BC-0D19-47A9-AA8D-E986277FE150}.Release|Any CPU.Build.0 = Release|iPhoneSimulator
		{020E56BC-0D19-47A9-AA8D-E986277FE150}.Release|Any CPU.Deploy.0 = Release|iPhoneSimulator
		{020E56BC-0D19-47A9-AA8D-E986277FE150}.Release|iPhone.ActiveCfg = Release|iPhone
		{020E56BC-0D19-47A9-AA8D-E986277FE150}.Release|iPhone.Build.0 = Release|iPhone
		{020E56BC-0D19-47A9-AA8D-E986277FE150}.Release|iPhone.Deploy.0 = Release|iPhone
		{020E56BC-0D19-47A9-AA8D-E986277FE150}.Release|iPhoneSimulator.ActiveCfg = Release|iPhoneSimulator
		{020E56BC-0D19-47A9-AA8D-E986277FE150}.Release|iPhoneSimulator.Build.0 = Release|iPhoneSimulator
		{020E56BC-0D19-47A9-AA8D-E986277FE150}.Release|iPhoneSimulator.Deploy.0 = Release|iPhoneSimulator
		{FD9BEF5F-7A66-4CBA-BFB5-96264EE8CF59}.Debug|Any CPU.ActiveCfg = Debug|Any CPU
		{FD9BEF5F-7A66-4CBA-BFB5-96264EE8CF59}.Debug|Any CPU.Build.0 = Debug|Any CPU
		{FD9BEF5F-7A66-4CBA-BFB5-96264EE8CF59}.Debug|Any CPU.Deploy.0 = Debug|Any CPU
		{FD9BEF5F-7A66-4CBA-BFB5-96264EE8CF59}.Debug|iPhone.ActiveCfg = Debug|Any CPU
		{FD9BEF5F-7A66-4CBA-BFB5-96264EE8CF59}.Debug|iPhone.Build.0 = Debug|Any CPU
		{FD9BEF5F-7A66-4CBA-BFB5-96264EE8CF59}.Debug|iPhone.Deploy.0 = Debug|Any CPU
		{FD9BEF5F-7A66-4CBA-BFB5-96264EE8CF59}.Debug|iPhoneSimulator.ActiveCfg = Debug|Any CPU
		{FD9BEF5F-7A66-4CBA-BFB5-96264EE8CF59}.Debug|iPhoneSimulator.Build.0 = Debug|Any CPU
		{FD9BEF5F-7A66-4CBA-BFB5-96264EE8CF59}.Debug|iPhoneSimulator.Deploy.0 = Debug|Any CPU
		{FD9BEF5F-7A66-4CBA-BFB5-96264EE8CF59}.Release|Any CPU.ActiveCfg = Release|Any CPU
		{FD9BEF5F-7A66-4CBA-BFB5-96264EE8CF59}.Release|Any CPU.Build.0 = Release|Any CPU
		{FD9BEF5F-7A66-4CBA-BFB5-96264EE8CF59}.Release|Any CPU.Deploy.0 = Release|Any CPU
		{FD9BEF5F-7A66-4CBA-BFB5-96264EE8CF59}.Release|iPhone.ActiveCfg = Release|Any CPU
		{FD9BEF5F-7A66-4CBA-BFB5-96264EE8CF59}.Release|iPhone.Build.0 = Release|Any CPU
		{FD9BEF5F-7A66-4CBA-BFB5-96264EE8CF59}.Release|iPhone.Deploy.0 = Release|Any CPU
		{FD9BEF5F-7A66-4CBA-BFB5-96264EE8CF59}.Release|iPhoneSimulator.ActiveCfg = Release|Any CPU
		{FD9BEF5F-7A66-4CBA-BFB5-96264EE8CF59}.Release|iPhoneSimulator.Build.0 = Release|Any CPU
		{FD9BEF5F-7A66-4CBA-BFB5-96264EE8CF59}.Release|iPhoneSimulator.Deploy.0 = Release|Any CPU
	EndGlobalSection
	GlobalSection(SolutionProperties) = preSolution
		HideSolutionNode = FALSE
	EndGlobalSection
	GlobalSection(ExtensibilityGlobals) = postSolution
		SolutionGuid = {2F72C3E8-59F6-4752-86BA-D83A7EEB184A}
	EndGlobalSection
EndGlobal
